
Microsoft Visual Studio Solution File, Format Version 12.00
# Visual Studio Version 16
VisualStudioVersion = 16.0.31112.23
MinimumVisualStudioVersion = 10.0.40219.1
Project("{FAE04EC0-301F-11D3-BF4B-00C04F79EFBC}") = "WEBAPI_ADIDAS", "WEBAPI_ADIDAS\WEBAPI_ADIDAS.csproj", "{815C37DB-553C-41F0-B9B3-5C0B2F9DBA57}"
EndProject
Global
	GlobalSection(SolutionConfigurationPlatforms) = preSolution
		Debug|Any CPU = Debug|Any CPU
		Release|Any CPU = Release|Any CPU
	EndGlobalSection
	GlobalSection(ProjectConfigurationPlatforms) = postSolution
		{815C37DB-553C-41F0-B9B3-5C0B2F9DBA57}.Debug|Any CPU.ActiveCfg = Debug|Any CPU
		{815C37DB-553C-41F0-B9B3-5C0B2F9DBA57}.Debug|Any CPU.Build.0 = Debug|Any CPU
		{815C37DB-553C-41F0-B9B3-5C0B2F9DBA57}.Release|Any CPU.ActiveCfg = Release|Any CPU
		{815C37DB-553C-41F0-B9B3-5C0B2F9DBA57}.Release|Any CPU.Build.0 = Release|Any CPU
	EndGlobalSection
	GlobalSection(SolutionProperties) = preSolution
		HideSolutionNode = FALSE
	EndGlobalSection
	GlobalSection(ExtensibilityGlobals) = postSolution
		SolutionGuid = {A87A74B1-1C8F-4D13-8358-D09FC9F211F5}
	EndGlobalSection
EndGlobal
